// !$*UTF8*$!
{
	archiveVersion = 1;
	classes = {
	};
	objectVersion = 77;
	objects = {

/* Begin PBXBuildFile section */
		B3EEECBDB91329A388C1ED99 /* Pods_LTApp.framework in Frameworks */ = {isa = PBXBuildFile; fileRef = 12B51B075D409B1FB21AF9E6 /* Pods_LTApp.framework */; };
/* End PBXBuildFile section */

/* Begin PBXContainerItemProxy section */
		041C0E542DA662CB000BB279 /* PBXContainerItemProxy */ = {
			isa = PBXContainerItemProxy;
			containerPortal = 041C0E352DA662C7000BB279 /* Project object */;
			proxyType = 1;
			remoteGlobalIDString = 041C0E3C2DA662C7000BB279;
			remoteInfo = LTApp;
		};
		041C0E5E2DA662CB000BB279 /* PBXContainerItemProxy */ = {
			isa = PBXContainerItemProxy;
			containerPortal = 041C0E352DA662C7000BB279 /* Project object */;
			proxyType = 1;
			remoteGlobalIDString = 041C0E3C2DA662C7000BB279;
			remoteInfo = LTApp;
		};
/* End PBXContainerItemProxy section */

/* Begin PBXFileReference section */
		041C0E3D2DA662C7000BB279 /* LTApp.app */ = {isa = PBXFileReference; explicitFileType = wrapper.application; includeInIndex = 0; path = LTApp.app; sourceTree = BUILT_PRODUCTS_DIR; };
		041C0E532DA662CB000BB279 /* LTAppTests.xctest */ = {isa = PBXFileReference; explicitFileType = wrapper.cfbundle; includeInIndex = 0; path = LTAppTests.xctest; sourceTree = BUILT_PRODUCTS_DIR; };
		041C0E5D2DA662CB000BB279 /* LTAppUITests.xctest */ = {isa = PBXFileReference; explicitFileType = wrapper.cfbundle; includeInIndex = 0; path = LTAppUITests.xctest; sourceTree = BUILT_PRODUCTS_DIR; };
		041C0E892DA6B761000BB279 /* Alamofire.framework */ = {isa = PBXFileReference; explicitFileType = wrapper.framework; path = Alamofire.framework; sourceTree = BUILT_PRODUCTS_DIR; };
		12B51B075D409B1FB21AF9E6 /* Pods_LTApp.framework */ = {isa = PBXFileReference; explicitFileType = wrapper.framework; includeInIndex = 0; path = Pods_LTApp.framework; sourceTree = BUILT_PRODUCTS_DIR; };
		97902460E9B6A2BD60BC4E88 /* Pods-LTApp.release.xcconfig */ = {isa = PBXFileReference; includeInIndex = 1; lastKnownFileType = text.xcconfig; name = "Pods-LTApp.release.xcconfig"; path = "Target Support Files/Pods-LTApp/Pods-LTApp.release.xcconfig"; sourceTree = "<group>"; };
		D73EADED804B281CC0E006F9 /* Pods-LTApp.debug.xcconfig */ = {isa = PBXFileReference; includeInIndex = 1; lastKnownFileType = text.xcconfig; name = "Pods-LTApp.debug.xcconfig"; path = "Target Support Files/Pods-LTApp/Pods-LTApp.debug.xcconfig"; sourceTree = "<group>"; };
/* End PBXFileReference section */

/* Begin PBXFileSystemSynchronizedBuildFileExceptionSet section */
		041C0E652DA662CB000BB279 /* Exceptions for "LTApp" folder in "LTApp" target */ = {
			isa = PBXFileSystemSynchronizedBuildFileExceptionSet;
			membershipExceptions = (
				Info.plist,
			);
			target = 041C0E3C2DA662C7000BB279 /* LTApp */;
		};
/* End PBXFileSystemSynchronizedBuildFileExceptionSet section */

/* Begin PBXFileSystemSynchronizedRootGroup section */
		041C0E3F2DA662C7000BB279 /* LTApp */ = {
			isa = PBXFileSystemSynchronizedRootGroup;
			exceptions = (
				041C0E652DA662CB000BB279 /* Exceptions for "LTApp" folder in "LTApp" target */,
			);
			path = LTApp;
			sourceTree = "<group>";
		};
		041C0E562DA662CB000BB279 /* LTAppTests */ = {
			isa = PBXFileSystemSynchronizedRootGroup;
			path = LTAppTests;
			sourceTree = "<group>";
		};
		041C0E602DA662CB000BB279 /* LTAppUITests */ = {
			isa = PBXFileSystemSynchronizedRootGroup;
			path = LTAppUITests;
			sourceTree = "<group>";
		};
/* End PBXFileSystemSynchronizedRootGroup section */

/* Begin PBXFrameworksBuildPhase section */
		041C0E3A2DA662C7000BB279 /* Frameworks */ = {
			isa = PBXFrameworksBuildPhase;
			buildActionMask = 2147483647;
			files = (
				B3EEECBDB91329A388C1ED99 /* Pods_LTApp.framework in Frameworks */,
			);
			runOnlyForDeploymentPostprocessing = 0;
		};
		041C0E502DA662CB000BB279 /* Frameworks */ = {
			isa = PBXFrameworksBuildPhase;
			buildActionMask = 2147483647;
			files = (
			);
			runOnlyForDeploymentPostprocessing = 0;
		};
		041C0E5A2DA662CB000BB279 /* Frameworks */ = {
			isa = PBXFrameworksBuildPhase;
			buildActionMask = 2147483647;
			files = (
			);
			runOnlyForDeploymentPostprocessing = 0;
		};
/* End PBXFrameworksBuildPhase section */

/* Begin PBXGroup section */
		041C0E342DA662C7000BB279 = {
			isa = PBXGroup;
			children = (
				041C0E3F2DA662C7000BB279 /* LTApp */,
				041C0E562DA662CB000BB279 /* LTAppTests */,
				041C0E602DA662CB000BB279 /* LTAppUITests */,
				041C0E3E2DA662C7000BB279 /* Products */,
				E9779D0F070351953AF55D54 /* Pods */,
				C2C3DC270219361FEAFBA4A8 /* Frameworks */,
			);
			sourceTree = "<group>";
		};
		041C0E3E2DA662C7000BB279 /* Products */ = {
			isa = PBXGroup;
			children = (
				041C0E3D2DA662C7000BB279 /* LTApp.app */,
				041C0E532DA662CB000BB279 /* LTAppTests.xctest */,
				041C0E5D2DA662CB000BB279 /* LTAppUITests.xctest */,
			);
			name = Products;
			sourceTree = "<group>";
		};
		C2C3DC270219361FEAFBA4A8 /* Frameworks */ = {
			isa = PBXGroup;
			children = (
				041C0E892DA6B761000BB279 /* Alamofire.framework */,
				12B51B075D409B1FB21AF9E6 /* Pods_LTApp.framework */,
			);
			name = Frameworks;
			sourceTree = "<group>";
		};
		E9779D0F070351953AF55D54 /* Pods */ = {
			isa = PBXGroup;
			children = (
				D73EADED804B281CC0E006F9 /* Pods-LTApp.debug.xcconfig */,
				97902460E9B6A2BD60BC4E88 /* Pods-LTApp.release.xcconfig */,
			);
			path = Pods;
			sourceTree = "<group>";
		};
/* End PBXGroup section */

/* Begin PBXNativeTarget section */
		041C0E3C2DA662C7000BB279 /* LTApp */ = {
			isa = PBXNativeTarget;
			buildConfigurationList = 041C0E662DA662CB000BB279 /* Build configuration list for PBXNativeTarget "LTApp" */;
			buildPhases = (
				9CF6E0ACB621736DD9618690 /* [CP] Check Pods Manifest.lock */,
				041C0E392DA662C7000BB279 /* Sources */,
				041C0E3A2DA662C7000BB279 /* Frameworks */,
				041C0E3B2DA662C7000BB279 /* Resources */,
				7F4A84F8795C53A182350BC2 /* [CP] Embed Pods Frameworks */,
			);
			buildRules = (
			);
			dependencies = (
			);
			fileSystemSynchronizedGroups = (
				041C0E3F2DA662C7000BB279 /* LTApp */,
			);
			name = LTApp;
			productName = LTApp;
			productReference = 041C0E3D2DA662C7000BB279 /* LTApp.app */;
			productType = "com.apple.product-type.application";
		};
		041C0E522DA662CB000BB279 /* LTAppTests */ = {
			isa = PBXNativeTarget;
			buildConfigurationList = 041C0E6B2DA662CB000BB279 /* Build configuration list for PBXNativeTarget "LTAppTests" */;
			buildPhases = (
				041C0E4F2DA662CB000BB279 /* Sources */,
				041C0E502DA662CB000BB279 /* Frameworks */,
				041C0E512DA662CB000BB279 /* Resources */,
			);
			buildRules = (
			);
			dependencies = (
				041C0E552DA662CB000BB279 /* PBXTargetDependency */,
			);
			fileSystemSynchronizedGroups = (
				041C0E562DA662CB000BB279 /* LTAppTests */,
			);
			name = LTAppTests;
			productName = LTAppTests;
			productReference = 041C0E532DA662CB000BB279 /* LTAppTests.xctest */;
			productType = "com.apple.product-type.bundle.unit-test";
		};
		041C0E5C2DA662CB000BB279 /* LTAppUITests */ = {
			isa = PBXNativeTarget;
			buildConfigurationList = 041C0E6E2DA662CB000BB279 /* Build configuration list for PBXNativeTarget "LTAppUITests" */;
			buildPhases = (
				041C0E592DA662CB000BB279 /* Sources */,
				041C0E5A2DA662CB000BB279 /* Frameworks */,
				041C0E5B2DA662CB000BB279 /* Resources */,
			);
			buildRules = (
			);
			dependencies = (
				041C0E5F2DA662CB000BB279 /* PBXTargetDependency */,
			);
			fileSystemSynchronizedGroups = (
				041C0E602DA662CB000BB279 /* LTAppUITests */,
			);
			name = LTAppUITests;
			productName = LTAppUITests;
			productReference = 041C0E5D2DA662CB000BB279 /* LTAppUITests.xctest */;
			productType = "com.apple.product-type.bundle.ui-testing";
		};
/* End PBXNativeTarget section */

/* Begin PBXProject section */
		041C0E352DA662C7000BB279 /* Project object */ = {
			isa = PBXProject;
			attributes = {
				BuildIndependentTargetsInParallel = 1;
				LastSwiftUpdateCheck = 1620;
				LastUpgradeCheck = 1620;
				TargetAttributes = {
					041C0E3C2DA662C7000BB279 = {
						CreatedOnToolsVersion = 16.2;
					};
					041C0E522DA662CB000BB279 = {
						CreatedOnToolsVersion = 16.2;
						TestTargetID = 041C0E3C2DA662C7000BB279;
					};
					041C0E5C2DA662CB000BB279 = {
						CreatedOnToolsVersion = 16.2;
						TestTargetID = 041C0E3C2DA662C7000BB279;
					};
				};
			};
			buildConfigurationList = 041C0E382DA662C7000BB279 /* Build configuration list for PBXProject "LTApp" */;
			developmentRegion = en;
			hasScannedForEncodings = 0;
			knownRegions = (
				en,
				Base,
			);
			mainGroup = 041C0E342DA662C7000BB279;
			minimizedProjectReferenceProxies = 1;
			preferredProjectObjectVersion = 77;
			productRefGroup = 041C0E3E2DA662C7000BB279 /* Products */;
			projectDirPath = "";
			projectRoot = "";
			targets = (
				041C0E3C2DA662C7000BB279 /* LTApp */,
				041C0E522DA662CB000BB279 /* LTAppTests */,
				041C0E5C2DA662CB000BB279 /* LTAppUITests */,
			);
		};
/* End PBXProject section */

/* Begin PBXResourcesBuildPhase section */
		041C0E3B2DA662C7000BB279 /* Resources */ = {
			isa = PBXResourcesBuildPhase;
			buildActionMask = 2147483647;
			files = (
			);
			runOnlyForDeploymentPostprocessing = 0;
		};
		041C0E512DA662CB000BB279 /* Resources */ = {
			isa = PBXResourcesBuildPhase;
			buildActionMask = 2147483647;
			files = (
			);
			runOnlyForDeploymentPostprocessing = 0;
		};
		041C0E5B2DA662CB000BB279 /* Resources */ = {
			isa = PBXResourcesBuildPhase;
			buildActionMask = 2147483647;
			files = (
			);
			runOnlyForDeploymentPostprocessing = 0;
		};
/* End PBXResourcesBuildPhase section */

/* Begin PBXShellScriptBuildPhase section */
		7F4A84F8795C53A182350BC2 /* [CP] Embed Pods Frameworks */ = {
			isa = PBXShellScriptBuildPhase;
			buildActionMask = 2147483647;
			files = (
			);
			inputFileListPaths = (
				"${PODS_ROOT}/Target Support Files/Pods-LTApp/Pods-LTApp-frameworks-${CONFIGURATION}-input-files.xcfilelist",
			);
			name = "[CP] Embed Pods Frameworks";
			outputFileListPaths = (
				"${PODS_ROOT}/Target Support Files/Pods-LTApp/Pods-LTApp-frameworks-${CONFIGURATION}-output-files.xcfilelist",
			);
			runOnlyForDeploymentPostprocessing = 0;
			shellPath = /bin/sh;
			shellScript = "\"${PODS_ROOT}/Target Support Files/Pods-LTApp/Pods-LTApp-frameworks.sh\"\n";
			showEnvVarsInLog = 0;
		};
		9CF6E0ACB621736DD9618690 /* [CP] Check Pods Manifest.lock */ = {
			isa = PBXShellScriptBuildPhase;
			buildActionMask = 2147483647;
			files = (
			);
			inputFileListPaths = (
			);
			inputPaths = (
				"${PODS_PODFILE_DIR_PATH}/Podfile.lock",
				"${PODS_ROOT}/Manifest.lock",
			);
			name = "[CP] Check Pods Manifest.lock";
			outputFileListPaths = (
			);
			outputPaths = (
				"$(DERIVED_FILE_DIR)/Pods-LTApp-checkManifestLockResult.txt",
			);
			runOnlyForDeploymentPostprocessing = 0;
			shellPath = /bin/sh;
			shellScript = "diff \"${PODS_PODFILE_DIR_PATH}/Podfile.lock\" \"${PODS_ROOT}/Manifest.lock\" > /dev/null\nif [ $? != 0 ] ; then\n    # print error to STDERR\n    echo \"error: The sandbox is not in sync with the Podfile.lock. Run 'pod install' or update your CocoaPods installation.\" >&2\n    exit 1\nfi\n# This output is used by Xcode 'outputs' to avoid re-running this script phase.\necho \"SUCCESS\" > \"${SCRIPT_OUTPUT_FILE_0}\"\n";
			showEnvVarsInLog = 0;
		};
/* End PBXShellScriptBuildPhase section */

/* Begin PBXSourcesBuildPhase section */
		041C0E392DA662C7000BB279 /* Sources */ = {
			isa = PBXSourcesBuildPhase;
			buildActionMask = 2147483647;
			files = (
			);
			runOnlyForDeploymentPostprocessing = 0;
		};
		041C0E4F2DA662CB000BB279 /* Sources */ = {
			isa = PBXSourcesBuildPhase;
			buildActionMask = 2147483647;
			files = (
			);
			runOnlyForDeploymentPostprocessing = 0;
		};
		041C0E592DA662CB000BB279 /* Sources */ = {
			isa = PBXSourcesBuildPhase;
			buildActionMask = 2147483647;
			files = (
			);
			runOnlyForDeploymentPostprocessing = 0;
		};
/* End PBXSourcesBuildPhase section */

/* Begin PBXTargetDependency section */
		041C0E552DA662CB000BB279 /* PBXTargetDependency */ = {
			isa = PBXTargetDependency;
			target = 041C0E3C2DA662C7000BB279 /* LTApp */;
			targetProxy = 041C0E542DA662CB000BB279 /* PBXContainerItemProxy */;
		};
		041C0E5F2DA662CB000BB279 /* PBXTargetDependency */ = {
			isa = PBXTargetDependency;
			target = 041C0E3C2DA662C7000BB279 /* LTApp */;
			targetProxy = 041C0E5E2DA662CB000BB279 /* PBXContainerItemProxy */;
		};
/* End PBXTargetDependency section */

/* Begin XCBuildConfiguration section */
		041C0E672DA662CB000BB279 /* Debug */ = {
			isa = XCBuildConfiguration;
			baseConfigurationReference = D73EADED804B281CC0E006F9 /* Pods-LTApp.debug.xcconfig */;
			buildSettings = {
				ASSETCATALOG_COMPILER_APPICON_NAME = AppIcon;
				ASSETCATALOG_COMPILER_GLOBAL_ACCENT_COLOR_NAME = AccentColor;
				CODE_SIGN_STYLE = Automatic;
				CURRENT_PROJECT_VERSION = 1;
				DEVELOPMENT_TEAM = SPWP933X75;
				ENABLE_USER_SCRIPT_SANDBOXING = NO;
				GENERATE_INFOPLIST_FILE = YES;
				INFOPLIST_FILE = LTApp/Info.plist;
				INFOPLIST_KEY_UIApplicationSupportsIndirectInputEvents = YES;
				INFOPLIST_KEY_UILaunchStoryboardName = LaunchScreen;
				INFOPLIST_KEY_UIMainStoryboardFile = Main;
				INFOPLIST_KEY_UISupportedInterfaceOrientations_iPad = "UIInterfaceOrientationPortrait UIInterfaceOrientationPortraitUpsideDown UIInterfaceOrientationLandscapeLeft UIInterfaceOrientationLandscapeRight";
				INFOPLIST_KEY_UISupportedInterfaceOrientations_iPhone = "UIInterfaceOrientationPortrait UIInterfaceOrientationLandscapeLeft UIInterfaceOrientationLandscapeRight";
				LD_RUNPATH_SEARCH_PATHS = (
					"$(inherited)",
					"@executable_path/Frameworks",
				);
				MARKETING_VERSION = 1.0;
				PRODUCT_BUNDLE_IDENTIFIER = dldl.lt.LTApp;
				PRODUCT_NAME = "$(TARGET_NAME)";
				SWIFT_EMIT_LOC_STRINGS = YES;
				SWIFT_VERSION = 5.0;
				TARGETED_DEVICE_FAMILY = "1,2";
			};
			name = Debug;
		};
		041C0E682DA662CB000BB279 /* Release */ = {
			isa = XCBuildConfiguration;
			baseConfigurationReference = 97902460E9B6A2BD60BC4E88 /* Pods-LTApp.release.xcconfig */;
			buildSettings = {
				ASSETCATALOG_COMPILER_APPICON_NAME = AppIcon;
				ASSETCATALOG_COMPILER_GLOBAL_ACCENT_COLOR_NAME = AccentColor;
				CODE_SIGN_STYLE = Automatic;
				CURRENT_PROJECT_VERSION = 1;
				DEVELOPMENT_TEAM = SPWP933X75;
				ENABLE_USER_SCRIPT_SANDBOXING = NO;
				GENERATE_INFOPLIST_FILE = YES;
				INFOPLIST_FILE = LTApp/Info.plist;
				INFOPLIST_KEY_UIApplicationSupportsIndirectInputEvents = YES;
				INFOPLIST_KEY_UILaunchStoryboardName = LaunchScreen;
				INFOPLIST_KEY_UIMainStoryboardFile = Main;
				INFOPLIST_KEY_UISupportedInterfaceOrientations_iPad = "UIInterfaceOrientationPortrait UIInterfaceOrientationPortraitUpsideDown UIInterfaceOrientationLandscapeLeft UIInterfaceOrientationLandscapeRight";
				INFOPLIST_KEY_UISupportedInterfaceOrientations_iPhone = "UIInterfaceOrientationPortrait UIInterfaceOrientationLandscapeLeft UIInterfaceOrientationLandscapeRight";
				LD_RUNPATH_SEARCH_PATHS = (
					"$(inherited)",
					"@executable_path/Frameworks",
				);
				MARKETING_VERSION = 1.0;
				PRODUCT_BUNDLE_IDENTIFIER = dldl.lt.LTApp;
				PRODUCT_NAME = "$(TARGET_NAME)";
				SWIFT_EMIT_LOC_STRINGS = YES;
				SWIFT_VERSION = 5.0;
				TARGETED_DEVICE_FAMILY = "1,2";
			};
			name = Release;
		};
		041C0E692DA662CB000BB279 /* Debug */ = {
			isa = XCBuildConfiguration;
			buildSettings = {
				ALWAYS_SEARCH_USER_PATHS = NO;
				ASSETCATALOG_COMPILER_GENERATE_SWIFT_ASSET_SYMBOL_EXTENSIONS = YES;
				CLANG_ANALYZER_NONNULL = YES;
				CLANG_ANALYZER_NUMBER_OBJECT_CONVERSION = YES_AGGRESSIVE;
				CLANG_CXX_LANGUAGE_STANDARD = "gnu++20";
				CLANG_ENABLE_MODULES = YES;
				CLANG_ENABLE_OBJC_ARC = YES;
				CLANG_ENABLE_OBJC_WEAK = YES;
				CLANG_WARN_BLOCK_CAPTURE_AUTORELEASING = YES;
				CLANG_WARN_BOOL_CONVERSION = YES;
				CLANG_WARN_COMMA = YES;
				CLANG_WARN_CONSTANT_CONVERSION = YES;
				CLANG_WARN_DEPRECATED_OBJC_IMPLEMENTATIONS = YES;
				CLANG_WARN_DIRECT_OBJC_ISA_USAGE = YES_ERROR;
				CLANG_WARN_DOCUMENTATION_COMMENTS = YES;
				CLANG_WARN_EMPTY_BODY = YES;
				CLANG_WARN_ENUM_CONVERSION = YES;
				CLANG_WARN_INFINITE_RECURSION = YES;
				CLANG_WARN_INT_CONVERSION = YES;
				CLANG_WARN_NON_LITERAL_NULL_CONVERSION = YES;
				CLANG_WARN_OBJC_IMPLICIT_RETAIN_SELF = YES;
				CLANG_WARN_OBJC_LITERAL_CONVERSION = YES;
				CLANG_WARN_OBJC_ROOT_CLASS = YES_ERROR;
				CLANG_WARN_QUOTED_INCLUDE_IN_FRAMEWORK_HEADER = YES;
				CLANG_WARN_RANGE_LOOP_ANALYSIS = YES;
				CLANG_WARN_STRICT_PROTOTYPES = YES;
				CLANG_WARN_SUSPICIOUS_MOVE = YES;
				CLANG_WARN_UNGUARDED_AVAILABILITY = YES_AGGRESSIVE;
				CLANG_WARN_UNREACHABLE_CODE = YES;
				CLANG_WARN__DUPLICATE_METHOD_MATCH = YES;
				COPY_PHASE_STRIP = NO;
				DEBUG_INFORMATION_FORMAT = dwarf;
				ENABLE_STRICT_OBJC_MSGSEND = YES;
				ENABLE_TESTABILITY = YES;
				ENABLE_USER_SCRIPT_SANDBOXING = YES;
				GCC_C_LANGUAGE_STANDARD = gnu17;
				GCC_DYNAMIC_NO_PIC = NO;
				GCC_NO_COMMON_BLOCKS = YES;
				GCC_OPTIMIZATION_LEVEL = 0;
				GCC_PREPROCESSOR_DEFINITIONS = (
					"DEBUG=1",
					"$(inherited)",
				);
				GCC_WARN_64_TO_32_BIT_CONVERSION = YES;
				GCC_WARN_ABOUT_RETURN_TYPE = YES_ERROR;
				GCC_WARN_UNDECLARED_SELECTOR = YES;
				GCC_WARN_UNINITIALIZED_AUTOS = YES_AGGRESSIVE;
				GCC_WARN_UNUSED_FUNCTION = YES;
				GCC_WARN_UNUSED_VARIABLE = YES;
				IPHONEOS_DEPLOYMENT_TARGET = 18.2;
				LOCALIZATION_PREFERS_STRING_CATALOGS = YES;
				MTL_ENABLE_DEBUG_INFO = INCLUDE_SOURCE;
				MTL_FAST_MATH = YES;
				ONLY_ACTIVE_ARCH = YES;
				SDKROOT = iphoneos;
				SWIFT_ACTIVE_COMPILATION_CONDITIONS = "DEBUG $(inherited)";
				SWIFT_OPTIMIZATION_LEVEL = "-Onone";
			};
			name = Debug;
		};
		041C0E6A2DA662CB000BB279 /* Release */ = {
			isa = XCBuildConfiguration;
			buildSettings = {
				ALWAYS_SEARCH_USER_PATHS = NO;
				ASSETCATALOG_COMPILER_GENERATE_SWIFT_ASSET_SYMBOL_EXTENSIONS = YES;
				CLANG_ANALYZER_NONNULL = YES;
				CLANG_ANALYZER_NUMBER_OBJECT_CONVERSION = YES_AGGRESSIVE;
				CLANG_CXX_LANGUAGE_STANDARD = "gnu++20";
				CLANG_ENABLE_MODULES = YES;
				CLANG_ENABLE_OBJC_ARC = YES;
				CLANG_ENABLE_OBJC_WEAK = YES;
				CLANG_WARN_BLOCK_CAPTURE_AUTORELEASING = YES;
				CLANG_WARN_BOOL_CONVERSION = YES;
				CLANG_WARN_COMMA = YES;
				CLANG_WARN_CONSTANT_CONVERSION = YES;
				CLANG_WARN_DEPRECATED_OBJC_IMPLEMENTATIONS = YES;
				CLANG_WARN_DIRECT_OBJC_ISA_USAGE = YES_ERROR;
				CLANG_WARN_DOCUMENTATION_COMMENTS = YES;
				CLANG_WARN_EMPTY_BODY = YES;
				CLANG_WARN_ENUM_CONVERSION = YES;
				CLANG_WARN_INFINITE_RECURSION = YES;
				CLANG_WARN_INT_CONVERSION = YES;
				CLANG_WARN_NON_LITERAL_NULL_CONVERSION = YES;
				CLANG_WARN_OBJC_IMPLICIT_RETAIN_SELF = YES;
				CLANG_WARN_OBJC_LITERAL_CONVERSION = YES;
				CLANG_WARN_OBJC_ROOT_CLASS = YES_ERROR;
				CLANG_WARN_QUOTED_INCLUDE_IN_FRAMEWORK_HEADER = YES;
				CLANG_WARN_RANGE_LOOP_ANALYSIS = YES;
				CLANG_WARN_STRICT_PROTOTYPES = YES;
				CLANG_WARN_SUSPICIOUS_MOVE = YES;
				CLANG_WARN_UNGUARDED_AVAILABILITY = YES_AGGRESSIVE;
				CLANG_WARN_UNREACHABLE_CODE = YES;
				CLANG_WARN__DUPLICATE_METHOD_MATCH = YES;
				COPY_PHASE_STRIP = NO;
				DEBUG_INFORMATION_FORMAT = "dwarf-with-dsym";
				ENABLE_NS_ASSERTIONS = NO;
				ENABLE_STRICT_OBJC_MSGSEND = YES;
				ENABLE_USER_SCRIPT_SANDBOXING = YES;
				GCC_C_LANGUAGE_STANDARD = gnu17;
				GCC_NO_COMMON_BLOCKS = YES;
				GCC_WARN_64_TO_32_BIT_CONVERSION = YES;
				GCC_WARN_ABOUT_RETURN_TYPE = YES_ERROR;
				GCC_WARN_UNDECLARED_SELECTOR = YES;
				GCC_WARN_UNINITIALIZED_AUTOS = YES_AGGRESSIVE;
				GCC_WARN_UNUSED_FUNCTION = YES;
				GCC_WARN_UNUSED_VARIABLE = YES;
				IPHONEOS_DEPLOYMENT_TARGET = 18.2;
				LOCALIZATION_PREFERS_STRING_CATALOGS = YES;
				MTL_ENABLE_DEBUG_INFO = NO;
				MTL_FAST_MATH = YES;
				SDKROOT = iphoneos;
				SWIFT_COMPILATION_MODE = wholemodule;
				VALIDATE_PRODUCT = YES;
			};
			name = Release;
		};
		041C0E6C2DA662CB000BB279 /* Debug */ = {
			isa = XCBuildConfiguration;
			buildSettings = {
				BUNDLE_LOADER = "$(TEST_HOST)";
				CODE_SIGN_STYLE = Automatic;
				CURRENT_PROJECT_VERSION = 1;
				DEVELOPMENT_TEAM = SPWP933X75;
				GENERATE_INFOPLIST_FILE = YES;
				IPHONEOS_DEPLOYMENT_TARGET = 18.2;
				MARKETING_VERSION = 1.0;
				PRODUCT_BUNDLE_IDENTIFIER = dldl.lt.LTAppTests;
				PRODUCT_NAME = "$(TARGET_NAME)";
				SWIFT_EMIT_LOC_STRINGS = NO;
				SWIFT_VERSION = 5.0;
				TARGETED_DEVICE_FAMILY = "1,2";
				TEST_HOST = "$(BUILT_PRODUCTS_DIR)/LTApp.app/$(BUNDLE_EXECUTABLE_FOLDER_PATH)/LTApp";
			};
			name = Debug;
		};
		041C0E6D2DA662CB000BB279 /* Release */ = {
			isa = XCBuildConfiguration;
			buildSettings = {
				BUNDLE_LOADER = "$(TEST_HOST)";
				CODE_SIGN_STYLE = Automatic;
				CURRENT_PROJECT_VERSION = 1;
				DEVELOPMENT_TEAM = SPWP933X75;
				GENERATE_INFOPLIST_FILE = YES;
				IPHONEOS_DEPLOYMENT_TARGET = 18.2;
				MARKETING_VERSION = 1.0;
				PRODUCT_BUNDLE_IDENTIFIER = dldl.lt.LTAppTests;
				PRODUCT_NAME = "$(TARGET_NAME)";
				SWIFT_EMIT_LOC_STRINGS = NO;
				SWIFT_VERSION = 5.0;
				TARGETED_DEVICE_FAMILY = "1,2";
				TEST_HOST = "$(BUILT_PRODUCTS_DIR)/LTApp.app/$(BUNDLE_EXECUTABLE_FOLDER_PATH)/LTApp";
			};
			name = Release;
		};
		041C0E6F2DA662CB000BB279 /* Debug */ = {
			isa = XCBuildConfiguration;
			buildSettings = {
				CODE_SIGN_STYLE = Automatic;
				CURRENT_PROJECT_VERSION = 1;
				DEVELOPMENT_TEAM = SPWP933X75;
				GENERATE_INFOPLIST_FILE = YES;
				MARKETING_VERSION = 1.0;
				PRODUCT_BUNDLE_IDENTIFIER = dldl.lt.LTAppUITests;
				PRODUCT_NAME = "$(TARGET_NAME)";
				SWIFT_EMIT_LOC_STRINGS = NO;
				SWIFT_VERSION = 5.0;
				TARGETED_DEVICE_FAMILY = "1,2";
				TEST_TARGET_NAME = LTApp;
			};
			name = Debug;
		};
		041C0E702DA662CB000BB279 /* Release */ = {
			isa = XCBuildConfiguration;
			buildSettings = {
				CODE_SIGN_STYLE = Automatic;
				CURRENT_PROJECT_VERSION = 1;
				DEVELOPMENT_TEAM = SPWP933X75;
				GENERATE_INFOPLIST_FILE = YES;
				MARKETING_VERSION = 1.0;
				PRODUCT_BUNDLE_IDENTIFIER = dldl.lt.LTAppUITests;
				PRODUCT_NAME = "$(TARGET_NAME)";
				SWIFT_EMIT_LOC_STRINGS = NO;
				SWIFT_VERSION = 5.0;
				TARGETED_DEVICE_FAMILY = "1,2";
				TEST_TARGET_NAME = LTApp;
			};
			name = Release;
		};
/* End XCBuildConfiguration section */

/* Begin XCConfigurationList section */
		041C0E382DA662C7000BB279 /* Build configuration list for PBXProject "LTApp" */ = {
			isa = XCConfigurationList;
			buildConfigurations = (
				041C0E692DA662CB000BB279 /* Debug */,
				041C0E6A2DA662CB000BB279 /* Release */,
			);
			defaultConfigurationIsVisible = 0;
			defaultConfigurationName = Release;
		};
		041C0E662DA662CB000BB279 /* Build configuration list for PBXNativeTarget "LTApp" */ = {
			isa = XCConfigurationList;
			buildConfigurations = (
				041C0E672DA662CB000BB279 /* Debug */,
				041C0E682DA662CB000BB279 /* Release */,
			);
			defaultConfigurationIsVisible = 0;
			defaultConfigurationName = Release;
		};
		041C0E6B2DA662CB000BB279 /* Build configuration list for PBXNativeTarget "LTAppTests" */ = {
			isa = XCConfigurationList;
			buildConfigurations = (
				041C0E6C2DA662CB000BB279 /* Debug */,
				041C0E6D2DA662CB000BB279 /* Release */,
			);
			defaultConfigurationIsVisible = 0;
			defaultConfigurationName = Release;
		};
		041C0E6E2DA662CB000BB279 /* Build configuration list for PBXNativeTarget "LTAppUITests" */ = {
			isa = XCConfigurationList;
			buildConfigurations = (
				041C0E6F2DA662CB000BB279 /* Debug */,
				041C0E702DA662CB000BB279 /* Release */,
			);
			defaultConfigurationIsVisible = 0;
			defaultConfigurationName = Release;
		};
/* End XCConfigurationList section */
	};
	rootObject = 041C0E352DA662C7000BB279 /* Project object */;
}
